
Microsoft Visual Studio Solution File, Format Version 12.00
# Visual Studio 15
VisualStudioVersion = 15.0.27703.2035
MinimumVisualStudioVersion = 10.0.40219.1
Project("{FAE04EC0-301F-11D3-BF4B-00C04F79EFBC}") = "exercicio01", "Exercicio_array\exercicio01.csproj", "{1063DE34-15AC-49A6-81D7-C79B0591A77D}"
EndProject
Project("{FAE04EC0-301F-11D3-BF4B-00C04F79EFBC}") = "exercicio02", "exercicio02\exercicio02.csproj", "{5D60CD5F-2A4B-40F1-A9C1-7E8BDBDDB2C6}"
EndProject
Project("{FAE04EC0-301F-11D3-BF4B-00C04F79EFBC}") = "exercicio03", "exercicio03\exercicio03.csproj", "{3E714951-4EBF-4F4D-BBD5-D0AB05BAEB54}"
EndProject
Project("{FAE04EC0-301F-11D3-BF4B-00C04F79EFBC}") = "exercicio04", "exercicio04\exercicio04.csproj", "{C964D430-1554-4242-B068-B532C0DB808C}"
EndProject
Project("{FAE04EC0-301F-11D3-BF4B-00C04F79EFBC}") = "exercicio05", "exercicio05\exercicio05.csproj", "{6509AF96-061E-467C-B617-4B6236D69E83}"
EndProject
Global
	GlobalSection(SolutionConfigurationPlatforms) = preSolution
		Debug|Any CPU = Debug|Any CPU
		Release|Any CPU = Release|Any CPU
	EndGlobalSection
	GlobalSection(ProjectConfigurationPlatforms) = postSolution
		{1063DE34-15AC-49A6-81D7-C79B0591A77D}.Debug|Any CPU.ActiveCfg = Debug|Any CPU
		{1063DE34-15AC-49A6-81D7-C79B0591A77D}.Debug|Any CPU.Build.0 = Debug|Any CPU
		{1063DE34-15AC-49A6-81D7-C79B0591A77D}.Release|Any CPU.ActiveCfg = Release|Any CPU
		{1063DE34-15AC-49A6-81D7-C79B0591A77D}.Release|Any CPU.Build.0 = Release|Any CPU
		{5D60CD5F-2A4B-40F1-A9C1-7E8BDBDDB2C6}.Debug|Any CPU.ActiveCfg = Debug|Any CPU
		{5D60CD5F-2A4B-40F1-A9C1-7E8BDBDDB2C6}.Debug|Any CPU.Build.0 = Debug|Any CPU
		{5D60CD5F-2A4B-40F1-A9C1-7E8BDBDDB2C6}.Release|Any CPU.ActiveCfg = Release|Any CPU
		{5D60CD5F-2A4B-40F1-A9C1-7E8BDBDDB2C6}.Release|Any CPU.Build.0 = Release|Any CPU
		{3E714951-4EBF-4F4D-BBD5-D0AB05BAEB54}.Debug|Any CPU.ActiveCfg = Debug|Any CPU
		{3E714951-4EBF-4F4D-BBD5-D0AB05BAEB54}.Debug|Any CPU.Build.0 = Debug|Any CPU
		{3E714951-4EBF-4F4D-BBD5-D0AB05BAEB54}.Release|Any CPU.ActiveCfg = Release|Any CPU
		{3E714951-4EBF-4F4D-BBD5-D0AB05BAEB54}.Release|Any CPU.Build.0 = Release|Any CPU
		{C964D430-1554-4242-B068-B532C0DB808C}.Debug|Any CPU.ActiveCfg = Debug|Any CPU
		{C964D430-1554-4242-B068-B532C0DB808C}.Debug|Any CPU.Build.0 = Debug|Any CPU
		{C964D430-1554-4242-B068-B532C0DB808C}.Release|Any CPU.ActiveCfg = Release|Any CPU
		{C964D430-1554-4242-B068-B532C0DB808C}.Release|Any CPU.Build.0 = Release|Any CPU
		{6509AF96-061E-467C-B617-4B6236D69E83}.Debug|Any CPU.ActiveCfg = Debug|Any CPU
		{6509AF96-061E-467C-B617-4B6236D69E83}.Debug|Any CPU.Build.0 = Debug|Any CPU
		{6509AF96-061E-467C-B617-4B6236D69E83}.Release|Any CPU.ActiveCfg = Release|Any CPU
		{6509AF96-061E-467C-B617-4B6236D69E83}.Release|Any CPU.Build.0 = Release|Any CPU
	EndGlobalSection
	GlobalSection(SolutionProperties) = preSolution
		HideSolutionNode = FALSE
	EndGlobalSection
	GlobalSection(ExtensibilityGlobals) = postSolution
		SolutionGuid = {84B23111-3F27-44D6-BED6-319B8A95818B}
	EndGlobalSection
EndGlobal
